
Microsoft Visual Studio Solution File, Format Version 12.00
# Visual Studio 15
VisualStudioVersion = 15.0.28010.2050
MinimumVisualStudioVersion = 10.0.40219.1
Project("{FAE04EC0-301F-11D3-BF4B-00C04F79EFBC}") = "DemoWPF", "DemoWPF\DemoWPF.csproj", "{C754EBC3-2685-468F-B697-ECAEEAB5096C}"
EndProject
Global
	GlobalSection(SolutionConfigurationPlatforms) = preSolution
		Debug|Any CPU = Debug|Any CPU
		Release|Any CPU = Release|Any CPU
	EndGlobalSection
	GlobalSection(ProjectConfigurationPlatforms) = postSolution
		{C754EBC3-2685-468F-B697-ECAEEAB5096C}.Debug|Any CPU.ActiveCfg = Debug|Any CPU
		{C754EBC3-2685-468F-B697-ECAEEAB5096C}.Debug|Any CPU.Build.0 = Debug|Any CPU
		{C754EBC3-2685-468F-B697-ECAEEAB5096C}.Release|Any CPU.ActiveCfg = Release|Any CPU
		{C754EBC3-2685-468F-B697-ECAEEAB5096C}.Release|Any CPU.Build.0 = Release|Any CPU
	EndGlobalSection
	GlobalSection(SolutionProperties) = preSolution
		HideSolutionNode = FALSE
	EndGlobalSection
	GlobalSection(ExtensibilityGlobals) = postSolution
		SolutionGuid = {D975C8E2-CAB0-4DDB-A24E-F4E872F3680D}
	EndGlobalSection
EndGlobal
